
Microsoft Visual Studio Solution File, Format Version 12.00
# Visual Studio 15
VisualStudioVersion = 15.0.27428.2005
MinimumVisualStudioVersion = 10.0.40219.1
Project("{FAE04EC0-301F-11D3-BF4B-00C04F79EFBC}") = "RandomUserStatsApi", "RandomUserStatsApi\RandomUserStatsApi.csproj", "{7B6DA783-9B18-49F4-9198-17994E2731B6}"
EndProject
Global
	GlobalSection(SolutionConfigurationPlatforms) = preSolution
		Debug|Any CPU = Debug|Any CPU
		Release|Any CPU = Release|Any CPU
	EndGlobalSection
	GlobalSection(ProjectConfigurationPlatforms) = postSolution
		{7B6DA783-9B18-49F4-9198-17994E2731B6}.Debug|Any CPU.ActiveCfg = Debug|Any CPU
		{7B6DA783-9B18-49F4-9198-17994E2731B6}.Debug|Any CPU.Build.0 = Debug|Any CPU
		{7B6DA783-9B18-49F4-9198-17994E2731B6}.Release|Any CPU.ActiveCfg = Release|Any CPU
		{7B6DA783-9B18-49F4-9198-17994E2731B6}.Release|Any CPU.Build.0 = Release|Any CPU
	EndGlobalSection
	GlobalSection(SolutionProperties) = preSolution
		HideSolutionNode = FALSE
	EndGlobalSection
	GlobalSection(ExtensibilityGlobals) = postSolution
		SolutionGuid = {D6CAC8A0-0C29-4CA7-A362-EFD22B2F9B32}
	EndGlobalSection
EndGlobal
